# THIS IS AN AUTOGENERATED FILE. DO NOT EDIT THIS FILE DIRECTLY.
# yarn lockfile v1


"@stripe/stripe-js@^1.8.0":
  version "1.8.0"
  resolved "https://registry.yarnpkg.com/@stripe/stripe-js/-/stripe-js-1.8.0.tgz#100f102d757cd024f94635dba231993554c8cfba"
  integrity sha512-VsIohJw70LIdB4b621RN6pTyw49ZMy+QjB81fl+Psu5X5ppiq/c+rG0F+XKHSVpp4JZRNDkQnsOGeuHow0aluA==
